
Microsoft Visual Studio Solution File, Format Version 12.00
# Visual Studio Version 16
VisualStudioVersion = 16.0.31410.357
MinimumVisualStudioVersion = 10.0.40219.1
Project("{2150E333-8FDC-42A3-9474-1A3956D46DE8}") = "src", "src", "{10DF4F20-D533-4D2B-AEDF-3D3FFDAEA3B5}"
EndProject
Project("{2150E333-8FDC-42A3-9474-1A3956D46DE8}") = "Building Blocks", "Building Blocks", "{53F3E475-385A-42C6-9940-01CDBE9DC452}"
EndProject
Project("{2150E333-8FDC-42A3-9474-1A3956D46DE8}") = "Services", "Services", "{EAC32ACE-7C43-4F06-B80C-6652EFB669B9}"
EndProject
Project("{2150E333-8FDC-42A3-9474-1A3956D46DE8}") = "Web", "Web", "{327EC428-7C32-4015-9401-C18B3BAFCF10}"
EndProject
Project("{2150E333-8FDC-42A3-9474-1A3956D46DE8}") = "Identidade", "Identidade", "{1E2E3CCE-8C4B-4803-8FFE-7E3DCDE005C2}"
EndProject
Project("{9A19103F-16F7-4668-BE54-9A1E7A4F7556}") = "NSE.Identidade.API", "src\services\NSE.Identidade.API\NSE.Identidade.API.csproj", "{45861F52-940B-40FF-B3F1-257DA51F87D2}"
EndProject
Project("{2150E333-8FDC-42A3-9474-1A3956D46DE8}") = "MVC", "MVC", "{D1B2AF80-2EAE-4687-85A2-5244F5A9A1B9}"
EndProject
Project("{9A19103F-16F7-4668-BE54-9A1E7A4F7556}") = "NSE.WebApp.MVC", "src\web\NSE.WebApp.MVC\NSE.WebApp.MVC.csproj", "{3E25EF47-24AA-4BB1-9B57-716E41318B19}"
EndProject
Project("{2150E333-8FDC-42A3-9474-1A3956D46DE8}") = "Core", "Core", "{9993F343-2B59-4E68-BB4C-A55683E9D683}"
EndProject
Project("{9A19103F-16F7-4668-BE54-9A1E7A4F7556}") = "NSE.Core", "src\building blocks\NSE.Core\NSE.Core.csproj", "{9EF9994F-A0B5-460A-BEA1-5E6507D75895}"
EndProject
Project("{2150E333-8FDC-42A3-9474-1A3956D46DE8}") = "Carrinho", "Carrinho", "{8FA4BCC3-9E2B-44DE-8BC3-0CF27694A948}"
EndProject
Project("{2150E333-8FDC-42A3-9474-1A3956D46DE8}") = "Catalogo", "Catalogo", "{4A6FD030-64B9-4D7E-AD3B-6B84322FAB2B}"
EndProject
Project("{2150E333-8FDC-42A3-9474-1A3956D46DE8}") = "Clientes", "Clientes", "{E6BBCD3E-7C38-4C6D-B2DA-12B561F22F10}"
EndProject
Project("{2150E333-8FDC-42A3-9474-1A3956D46DE8}") = "Pagamento", "Pagamento", "{71B6E100-B29F-4CB1-8723-B255A7D16106}"
EndProject
Project("{2150E333-8FDC-42A3-9474-1A3956D46DE8}") = "Pedido", "Pedido", "{9867ED69-59E0-47A8-9346-55D143FF648B}"
EndProject
Project("{9A19103F-16F7-4668-BE54-9A1E7A4F7556}") = "NSE.Carrinho.API", "src\services\NSE.Carrinho.API\NSE.Carrinho.API.csproj", "{79BE5645-AA55-4429-B3BE-5618A6162256}"
EndProject
Project("{9A19103F-16F7-4668-BE54-9A1E7A4F7556}") = "NSE.Catalogo.API", "src\services\NSE.Catalogo.API\NSE.Catalogo.API.csproj", "{AE1E1AB0-D023-42D3-B866-762FC00553CF}"
EndProject
Project("{9A19103F-16F7-4668-BE54-9A1E7A4F7556}") = "NSE.Clientes.API", "src\services\NSE.Clientes.API\NSE.Clientes.API.csproj", "{E7915845-A05E-4185-B010-087D2B53735B}"
EndProject
Project("{9A19103F-16F7-4668-BE54-9A1E7A4F7556}") = "NSE.Pagamento.API", "src\services\NSE.Pagamento.API\NSE.Pagamento.API.csproj", "{EDCF774D-4188-4142-8D80-FC376DC2E17D}"
EndProject
Project("{9A19103F-16F7-4668-BE54-9A1E7A4F7556}") = "NSE.Pedido.API", "src\services\NSE.Pedido.API\NSE.Pedido.API.csproj", "{C7F9C380-9C2B-4F51-813F-1414CB73F111}"
EndProject
Project("{2150E333-8FDC-42A3-9474-1A3956D46DE8}") = "Services", "Services", "{CDED1FE3-9AF9-414E-9461-ED4B66393D2A}"
EndProject
Project("{9A19103F-16F7-4668-BE54-9A1E7A4F7556}") = "NSE.WebAPI.Core", "src\building blocks\NSE.WebAPI.Core\NSE.WebAPI.Core.csproj", "{523F4FCA-6190-404B-ABEB-B28F9A538ADF}"
EndProject
Project("{2150E333-8FDC-42A3-9474-1A3956D46DE8}") = "MessageBus", "MessageBus", "{5F9670A6-7166-4682-BBB4-412250B82BB2}"
EndProject
Global
	GlobalSection(SolutionConfigurationPlatforms) = preSolution
		Debug|Any CPU = Debug|Any CPU
		Release|Any CPU = Release|Any CPU
	EndGlobalSection
	GlobalSection(ProjectConfigurationPlatforms) = postSolution
		{45861F52-940B-40FF-B3F1-257DA51F87D2}.Debug|Any CPU.ActiveCfg = Debug|Any CPU
		{45861F52-940B-40FF-B3F1-257DA51F87D2}.Debug|Any CPU.Build.0 = Debug|Any CPU
		{45861F52-940B-40FF-B3F1-257DA51F87D2}.Release|Any CPU.ActiveCfg = Release|Any CPU
		{45861F52-940B-40FF-B3F1-257DA51F87D2}.Release|Any CPU.Build.0 = Release|Any CPU
		{3E25EF47-24AA-4BB1-9B57-716E41318B19}.Debug|Any CPU.ActiveCfg = Debug|Any CPU
		{3E25EF47-24AA-4BB1-9B57-716E41318B19}.Debug|Any CPU.Build.0 = Debug|Any CPU
		{3E25EF47-24AA-4BB1-9B57-716E41318B19}.Release|Any CPU.ActiveCfg = Release|Any CPU
		{3E25EF47-24AA-4BB1-9B57-716E41318B19}.Release|Any CPU.Build.0 = Release|Any CPU
		{9EF9994F-A0B5-460A-BEA1-5E6507D75895}.Debug|Any CPU.ActiveCfg = Debug|Any CPU
		{9EF9994F-A0B5-460A-BEA1-5E6507D75895}.Debug|Any CPU.Build.0 = Debug|Any CPU
		{9EF9994F-A0B5-460A-BEA1-5E6507D75895}.Release|Any CPU.ActiveCfg = Release|Any CPU
		{9EF9994F-A0B5-460A-BEA1-5E6507D75895}.Release|Any CPU.Build.0 = Release|Any CPU
		{79BE5645-AA55-4429-B3BE-5618A6162256}.Debug|Any CPU.ActiveCfg = Debug|Any CPU
		{79BE5645-AA55-4429-B3BE-5618A6162256}.Debug|Any CPU.Build.0 = Debug|Any CPU
		{79BE5645-AA55-4429-B3BE-5618A6162256}.Release|Any CPU.ActiveCfg = Release|Any CPU
		{79BE5645-AA55-4429-B3BE-5618A6162256}.Release|Any CPU.Build.0 = Release|Any CPU
		{AE1E1AB0-D023-42D3-B866-762FC00553CF}.Debug|Any CPU.ActiveCfg = Debug|Any CPU
		{AE1E1AB0-D023-42D3-B866-762FC00553CF}.Debug|Any CPU.Build.0 = Debug|Any CPU
		{AE1E1AB0-D023-42D3-B866-762FC00553CF}.Release|Any CPU.ActiveCfg = Release|Any CPU
		{AE1E1AB0-D023-42D3-B866-762FC00553CF}.Release|Any CPU.Build.0 = Release|Any CPU
		{E7915845-A05E-4185-B010-087D2B53735B}.Debug|Any CPU.ActiveCfg = Debug|Any CPU
		{E7915845-A05E-4185-B010-087D2B53735B}.Debug|Any CPU.Build.0 = Debug|Any CPU
		{E7915845-A05E-4185-B010-087D2B53735B}.Release|Any CPU.ActiveCfg = Release|Any CPU
		{E7915845-A05E-4185-B010-087D2B53735B}.Release|Any CPU.Build.0 = Release|Any CPU
		{EDCF774D-4188-4142-8D80-FC376DC2E17D}.Debug|Any CPU.ActiveCfg = Debug|Any CPU
		{EDCF774D-4188-4142-8D80-FC376DC2E17D}.Debug|Any CPU.Build.0 = Debug|Any CPU
		{EDCF774D-4188-4142-8D80-FC376DC2E17D}.Release|Any CPU.ActiveCfg = Release|Any CPU
		{EDCF774D-4188-4142-8D80-FC376DC2E17D}.Release|Any CPU.Build.0 = Release|Any CPU
		{C7F9C380-9C2B-4F51-813F-1414CB73F111}.Debug|Any CPU.ActiveCfg = Debug|Any CPU
		{C7F9C380-9C2B-4F51-813F-1414CB73F111}.Debug|Any CPU.Build.0 = Debug|Any CPU
		{C7F9C380-9C2B-4F51-813F-1414CB73F111}.Release|Any CPU.ActiveCfg = Release|Any CPU
		{C7F9C380-9C2B-4F51-813F-1414CB73F111}.Release|Any CPU.Build.0 = Release|Any CPU
		{523F4FCA-6190-404B-ABEB-B28F9A538ADF}.Debug|Any CPU.ActiveCfg = Debug|Any CPU
		{523F4FCA-6190-404B-ABEB-B28F9A538ADF}.Debug|Any CPU.Build.0 = Debug|Any CPU
		{523F4FCA-6190-404B-ABEB-B28F9A538ADF}.Release|Any CPU.ActiveCfg = Release|Any CPU
		{523F4FCA-6190-404B-ABEB-B28F9A538ADF}.Release|Any CPU.Build.0 = Release|Any CPU
	EndGlobalSection
	GlobalSection(SolutionProperties) = preSolution
		HideSolutionNode = FALSE
	EndGlobalSection
	GlobalSection(NestedProjects) = preSolution
		{53F3E475-385A-42C6-9940-01CDBE9DC452} = {10DF4F20-D533-4D2B-AEDF-3D3FFDAEA3B5}
		{EAC32ACE-7C43-4F06-B80C-6652EFB669B9} = {10DF4F20-D533-4D2B-AEDF-3D3FFDAEA3B5}
		{327EC428-7C32-4015-9401-C18B3BAFCF10} = {10DF4F20-D533-4D2B-AEDF-3D3FFDAEA3B5}
		{1E2E3CCE-8C4B-4803-8FFE-7E3DCDE005C2} = {EAC32ACE-7C43-4F06-B80C-6652EFB669B9}
		{45861F52-940B-40FF-B3F1-257DA51F87D2} = {1E2E3CCE-8C4B-4803-8FFE-7E3DCDE005C2}
		{D1B2AF80-2EAE-4687-85A2-5244F5A9A1B9} = {327EC428-7C32-4015-9401-C18B3BAFCF10}
		{3E25EF47-24AA-4BB1-9B57-716E41318B19} = {D1B2AF80-2EAE-4687-85A2-5244F5A9A1B9}
		{9993F343-2B59-4E68-BB4C-A55683E9D683} = {53F3E475-385A-42C6-9940-01CDBE9DC452}
		{9EF9994F-A0B5-460A-BEA1-5E6507D75895} = {9993F343-2B59-4E68-BB4C-A55683E9D683}
		{8FA4BCC3-9E2B-44DE-8BC3-0CF27694A948} = {EAC32ACE-7C43-4F06-B80C-6652EFB669B9}
		{4A6FD030-64B9-4D7E-AD3B-6B84322FAB2B} = {EAC32ACE-7C43-4F06-B80C-6652EFB669B9}
		{E6BBCD3E-7C38-4C6D-B2DA-12B561F22F10} = {EAC32ACE-7C43-4F06-B80C-6652EFB669B9}
		{71B6E100-B29F-4CB1-8723-B255A7D16106} = {EAC32ACE-7C43-4F06-B80C-6652EFB669B9}
		{9867ED69-59E0-47A8-9346-55D143FF648B} = {EAC32ACE-7C43-4F06-B80C-6652EFB669B9}
		{79BE5645-AA55-4429-B3BE-5618A6162256} = {8FA4BCC3-9E2B-44DE-8BC3-0CF27694A948}
		{AE1E1AB0-D023-42D3-B866-762FC00553CF} = {4A6FD030-64B9-4D7E-AD3B-6B84322FAB2B}
		{E7915845-A05E-4185-B010-087D2B53735B} = {E6BBCD3E-7C38-4C6D-B2DA-12B561F22F10}
		{EDCF774D-4188-4142-8D80-FC376DC2E17D} = {71B6E100-B29F-4CB1-8723-B255A7D16106}
		{C7F9C380-9C2B-4F51-813F-1414CB73F111} = {9867ED69-59E0-47A8-9346-55D143FF648B}
		{CDED1FE3-9AF9-414E-9461-ED4B66393D2A} = {53F3E475-385A-42C6-9940-01CDBE9DC452}
		{523F4FCA-6190-404B-ABEB-B28F9A538ADF} = {CDED1FE3-9AF9-414E-9461-ED4B66393D2A}
		{5F9670A6-7166-4682-BBB4-412250B82BB2} = {53F3E475-385A-42C6-9940-01CDBE9DC452}
	EndGlobalSection
	GlobalSection(ExtensibilityGlobals) = postSolution
		SolutionGuid = {44D387E0-5835-4FE5-94B0-DB4E62270279}
	EndGlobalSection
EndGlobal
